
Microsoft Visual Studio Solution File, Format Version 12.00
# Visual Studio 15
VisualStudioVersion = 15.0.28307.1267
MinimumVisualStudioVersion = 10.0.40219.1
Project("{8BC9CEB8-8B4A-11D0-8D11-00A0C91BC942}") = "通讯录管理系统", "通讯录管理系统\通讯录管理系统.vcxproj", "{EFDBB15D-509D-46B3-AF41-C24B663BFA15}"
EndProject
Global
	GlobalSection(SolutionConfigurationPlatforms) = preSolution
		Debug|x64 = Debug|x64
		Debug|x86 = Debug|x86
		Release|x64 = Release|x64
		Release|x86 = Release|x86
	EndGlobalSection
	GlobalSection(ProjectConfigurationPlatforms) = postSolution
		{EFDBB15D-509D-46B3-AF41-C24B663BFA15}.Debug|x64.ActiveCfg = Debug|x64
		{EFDBB15D-509D-46B3-AF41-C24B663BFA15}.Debug|x64.Build.0 = Debug|x64
		{EFDBB15D-509D-46B3-AF41-C24B663BFA15}.Debug|x86.ActiveCfg = Debug|Win32
		{EFDBB15D-509D-46B3-AF41-C24B663BFA15}.Debug|x86.Build.0 = Debug|Win32
		{EFDBB15D-509D-46B3-AF41-C24B663BFA15}.Release|x64.ActiveCfg = Release|x64
		{EFDBB15D-509D-46B3-AF41-C24B663BFA15}.Release|x64.Build.0 = Release|x64
		{EFDBB15D-509D-46B3-AF41-C24B663BFA15}.Release|x86.ActiveCfg = Release|Win32
		{EFDBB15D-509D-46B3-AF41-C24B663BFA15}.Release|x86.Build.0 = Release|Win32
	EndGlobalSection
	GlobalSection(SolutionProperties) = preSolution
		HideSolutionNode = FALSE
	EndGlobalSection
	GlobalSection(ExtensibilityGlobals) = postSolution
		SolutionGuid = {F18C4CC0-7714-4B1C-82FE-92A6D3379546}
	EndGlobalSection
EndGlobal
